
Microsoft Visual Studio Solution File, Format Version 12.00
# Visual Studio Version 17
VisualStudioVersion = 17.2.32519.379
MinimumVisualStudioVersion = 10.0.40219.1
Project("{FAE04EC0-301F-11D3-BF4B-00C04F79EFBC}") = "Kata-SonarCloud-Pipelines", "src\Kata-SonarCloud-Pipelines\Kata-SonarCloud-Pipelines.csproj", "{23BA44F9-D714-41B5-8E64-CC5664043A0D}"
EndProject
Global
	GlobalSection(SolutionConfigurationPlatforms) = preSolution
		Debug|Any CPU = Debug|Any CPU
		Release|Any CPU = Release|Any CPU
	EndGlobalSection
	GlobalSection(ProjectConfigurationPlatforms) = postSolution
		{23BA44F9-D714-41B5-8E64-CC5664043A0D}.Debug|Any CPU.ActiveCfg = Debug|Any CPU
		{23BA44F9-D714-41B5-8E64-CC5664043A0D}.Debug|Any CPU.Build.0 = Debug|Any CPU
		{23BA44F9-D714-41B5-8E64-CC5664043A0D}.Release|Any CPU.ActiveCfg = Release|Any CPU
		{23BA44F9-D714-41B5-8E64-CC5664043A0D}.Release|Any CPU.Build.0 = Release|Any CPU
	EndGlobalSection
	GlobalSection(SolutionProperties) = preSolution
		HideSolutionNode = FALSE
	EndGlobalSection
	GlobalSection(ExtensibilityGlobals) = postSolution
		SolutionGuid = {A114CE37-96CD-40A4-843A-4A7E83E70AC2}
	EndGlobalSection
EndGlobal
